# This file is autogenerated, do not edit; changes may be undone by the next 'dep ensure'.


[[projects]]
  name = "cloud.google.com/go"
  packages = ["compute/metadata"]
  revision = "777200caa7fb8936aed0f12b1fd79af64cc83ec9"
  version = "v0.24.0"

[[projects]]
  branch = "master"
  name = "golang.org/x/net"
  packages = [
    "context",
    "context/ctxhttp"
  ]
  revision = "039a4258aec0ad3c79b905677cceeab13b296a77"

[solve-meta]
  analyzer-name = "dep"
  analyzer-version = 1
  inputs-digest = "5396819b86c0c284541b080d9b3b0e4cbd7250f8c95e00721e9f55e3f24cd5ee"
  solver-name = "gps-cdcl"
  solver-version = 1
